// !$*UTF8*$!
{
	archiveVersion = 1;
	classes = {
	};
	objectVersion = 55;
	objects = {

/* Begin PBXBuildFile section */
		BF7695412793062300AF4997 /* betterEarthApp.swift in Sources */ = {isa = PBXBuildFile; fileRef = BF7695402793062300AF4997 /* betterEarthApp.swift */; };
		BF7695432793062300AF4997 /* ContentView.swift in Sources */ = {isa = PBXBuildFile; fileRef = BF7695422793062300AF4997 /* ContentView.swift */; };
		BF7695452793062500AF4997 /* Assets.xcassets in Resources */ = {isa = PBXBuildFile; fileRef = BF7695442793062500AF4997 /* Assets.xcassets */; };
		BF7695482793062500AF4997 /* Preview Assets.xcassets in Resources */ = {isa = PBXBuildFile; fileRef = BF7695472793062500AF4997 /* Preview Assets.xcassets */; };
		BF76954F279306F300AF4997 /* APIConstants.swift in Sources */ = {isa = PBXBuildFile; fileRef = BF76954E279306F300AF4997 /* APIConstants.swift */; };
		BF7695512793077500AF4997 /* APIManager.swift in Sources */ = {isa = PBXBuildFile; fileRef = BF7695502793077500AF4997 /* APIManager.swift */; };
		BF7695542793081400AF4997 /* Alamofire in Frameworks */ = {isa = PBXBuildFile; productRef = BF7695532793081400AF4997 /* Alamofire */; };
		BF7695562793082100AF4997 /* Reachablity.swift in Sources */ = {isa = PBXBuildFile; fileRef = BF7695552793082100AF4997 /* Reachablity.swift */; };
		BF769558279308E300AF4997 /* Environment.swift in Sources */ = {isa = PBXBuildFile; fileRef = BF769557279308E300AF4997 /* Environment.swift */; };
		BF76955B2793097700AF4997 /* SwiftyJSON in Frameworks */ = {isa = PBXBuildFile; productRef = BF76955A2793097700AF4997 /* SwiftyJSON */; };
		BF76955E27930AF000AF4997 /* UserDefaultsManager.swift in Sources */ = {isa = PBXBuildFile; fileRef = BF76955D27930AF000AF4997 /* UserDefaultsManager.swift */; };
		BF76956027930F2C00AF4997 /* ViewModel.swift in Sources */ = {isa = PBXBuildFile; fileRef = BF76955F27930F2C00AF4997 /* ViewModel.swift */; };
		BF769562279310AD00AF4997 /* Extension.swift in Sources */ = {isa = PBXBuildFile; fileRef = BF769561279310AD00AF4997 /* Extension.swift */; };
		BF7695682793150C00AF4997 /* HomeModel.swift in Sources */ = {isa = PBXBuildFile; fileRef = BF7695672793150C00AF4997 /* HomeModel.swift */; };
		BF769571279317B100AF4997 /* Endpoints.swift in Sources */ = {isa = PBXBuildFile; fileRef = BF769570279317B100AF4997 /* Endpoints.swift */; };
/* End PBXBuildFile section */

/* Begin PBXFileReference section */
		BF76953D2793062300AF4997 /* betterEarth.app */ = {isa = PBXFileReference; explicitFileType = wrapper.application; includeInIndex = 0; path = betterEarth.app; sourceTree = BUILT_PRODUCTS_DIR; };
		BF7695402793062300AF4997 /* betterEarthApp.swift */ = {isa = PBXFileReference; lastKnownFileType = sourcecode.swift; path = betterEarthApp.swift; sourceTree = "<group>"; };
		BF7695422793062300AF4997 /* ContentView.swift */ = {isa = PBXFileReference; lastKnownFileType = sourcecode.swift; path = ContentView.swift; sourceTree = "<group>"; };
		BF7695442793062500AF4997 /* Assets.xcassets */ = {isa = PBXFileReference; lastKnownFileType = folder.assetcatalog; path = Assets.xcassets; sourceTree = "<group>"; };
		BF7695472793062500AF4997 /* Preview Assets.xcassets */ = {isa = PBXFileReference; lastKnownFileType = folder.assetcatalog; path = "Preview Assets.xcassets"; sourceTree = "<group>"; };
		BF76954E279306F300AF4997 /* APIConstants.swift */ = {isa = PBXFileReference; lastKnownFileType = sourcecode.swift; path = APIConstants.swift; sourceTree = "<group>"; };
		BF7695502793077500AF4997 /* APIManager.swift */ = {isa = PBXFileReference; lastKnownFileType = sourcecode.swift; path = APIManager.swift; sourceTree = "<group>"; };
		BF7695552793082100AF4997 /* Reachablity.swift */ = {isa = PBXFileReference; lastKnownFileType = sourcecode.swift; path = Reachablity.swift; sourceTree = "<group>"; };
		BF769557279308E300AF4997 /* Environment.swift */ = {isa = PBXFileReference; lastKnownFileType = sourcecode.swift; path = Environment.swift; sourceTree = "<group>"; };
		BF76955D27930AF000AF4997 /* UserDefaultsManager.swift */ = {isa = PBXFileReference; lastKnownFileType = sourcecode.swift; path = UserDefaultsManager.swift; sourceTree = "<group>"; };
		BF76955F27930F2C00AF4997 /* ViewModel.swift */ = {isa = PBXFileReference; lastKnownFileType = sourcecode.swift; path = ViewModel.swift; sourceTree = "<group>"; };
		BF769561279310AD00AF4997 /* Extension.swift */ = {isa = PBXFileReference; lastKnownFileType = sourcecode.swift; path = Extension.swift; sourceTree = "<group>"; };
		BF7695672793150C00AF4997 /* HomeModel.swift */ = {isa = PBXFileReference; lastKnownFileType = sourcecode.swift; path = HomeModel.swift; sourceTree = "<group>"; };
		BF769570279317B100AF4997 /* Endpoints.swift */ = {isa = PBXFileReference; lastKnownFileType = sourcecode.swift; path = Endpoints.swift; sourceTree = "<group>"; };
/* End PBXFileReference section */

/* Begin PBXFrameworksBuildPhase section */
		BF76953A2793062300AF4997 /* Frameworks */ = {
			isa = PBXFrameworksBuildPhase;
			buildActionMask = 2147483647;
			files = (
				BF76955B2793097700AF4997 /* SwiftyJSON in Frameworks */,
				BF7695542793081400AF4997 /* Alamofire in Frameworks */,
			);
			runOnlyForDeploymentPostprocessing = 0;
		};
/* End PBXFrameworksBuildPhase section */

/* Begin PBXGroup section */
		BF7695342793062300AF4997 = {
			isa = PBXGroup;
			children = (
				BF76953F2793062300AF4997 /* betterEarth */,
				BF76953E2793062300AF4997 /* Products */,
			);
			sourceTree = "<group>";
		};
		BF76953E2793062300AF4997 /* Products */ = {
			isa = PBXGroup;
			children = (
				BF76953D2793062300AF4997 /* betterEarth.app */,
			);
			name = Products;
			sourceTree = "<group>";
		};
		BF76953F2793062300AF4997 /* betterEarth */ = {
			isa = PBXGroup;
			children = (
				BF76956F279315E200AF4997 /* Constants */,
				BF76955C27930AD500AF4997 /* NetworkManager */,
				BF7695692793151200AF4997 /* Model */,
				BF7695402793062300AF4997 /* betterEarthApp.swift */,
				BF76956E279315BC00AF4997 /* Views */,
				BF769565279314E100AF4997 /* ViewModel */,
				BF7695632793132F00AF4997 /* UserDefaultsManager */,
				BF7695642793134100AF4997 /* Extension */,
				BF7695442793062500AF4997 /* Assets.xcassets */,
				BF7695462793062500AF4997 /* Preview Content */,
			);
			path = betterEarth;
			sourceTree = "<group>";
		};
		BF7695462793062500AF4997 /* Preview Content */ = {
			isa = PBXGroup;
			children = (
				BF7695472793062500AF4997 /* Preview Assets.xcassets */,
			);
			path = "Preview Content";
			sourceTree = "<group>";
		};
		BF76955C27930AD500AF4997 /* NetworkManager */ = {
			isa = PBXGroup;
			children = (
				BF76954E279306F300AF4997 /* APIConstants.swift */,
				BF7695502793077500AF4997 /* APIManager.swift */,
				BF7695552793082100AF4997 /* Reachablity.swift */,
				BF769557279308E300AF4997 /* Environment.swift */,
				BF769570279317B100AF4997 /* Endpoints.swift */,
			);
			path = NetworkManager;
			sourceTree = "<group>";
		};
		BF7695632793132F00AF4997 /* UserDefaultsManager */ = {
			isa = PBXGroup;
			children = (
				BF76955D27930AF000AF4997 /* UserDefaultsManager.swift */,
			);
			path = UserDefaultsManager;
			sourceTree = "<group>";
		};
		BF7695642793134100AF4997 /* Extension */ = {
			isa = PBXGroup;
			children = (
				BF769561279310AD00AF4997 /* Extension.swift */,
			);
			path = Extension;
			sourceTree = "<group>";
		};
		BF769565279314E100AF4997 /* ViewModel */ = {
			isa = PBXGroup;
			children = (
				BF76955F27930F2C00AF4997 /* ViewModel.swift */,
			);
			path = ViewModel;
			sourceTree = "<group>";
		};
		BF769566279314F700AF4997 /* ResponseModel */ = {
			isa = PBXGroup;
			children = (
				BF7695672793150C00AF4997 /* HomeModel.swift */,
			);
			name = ResponseModel;
			path = ..;
			sourceTree = "<group>";
		};
		BF7695692793151200AF4997 /* Model */ = {
			isa = PBXGroup;
			children = (
				BF769566279314F700AF4997 /* ResponseModel */,
			);
			path = Model;
			sourceTree = "<group>";
		};
		BF76956E279315BC00AF4997 /* Views */ = {
			isa = PBXGroup;
			children = (
				BF7695422793062300AF4997 /* ContentView.swift */,
			);
			path = Views;
			sourceTree = "<group>";
		};
		BF76956F279315E200AF4997 /* Constants */ = {
			isa = PBXGroup;
			children = (
			);
			path = Constants;
			sourceTree = "<group>";
		};
/* End PBXGroup section */

/* Begin PBXNativeTarget section */
		BF76953C2793062300AF4997 /* betterEarth */ = {
			isa = PBXNativeTarget;
			buildConfigurationList = BF76954B2793062500AF4997 /* Build configuration list for PBXNativeTarget "betterEarth" */;
			buildPhases = (
				BF7695392793062300AF4997 /* Sources */,
				BF76953A2793062300AF4997 /* Frameworks */,
				BF76953B2793062300AF4997 /* Resources */,
			);
			buildRules = (
			);
			dependencies = (
			);
			name = betterEarth;
			packageProductDependencies = (
				BF7695532793081400AF4997 /* Alamofire */,
				BF76955A2793097700AF4997 /* SwiftyJSON */,
			);
			productName = betterEarth;
			productReference = BF76953D2793062300AF4997 /* betterEarth.app */;
			productType = "com.apple.product-type.application";
		};
/* End PBXNativeTarget section */

/* Begin PBXProject section */
		BF7695352793062300AF4997 /* Project object */ = {
			isa = PBXProject;
			attributes = {
				BuildIndependentTargetsInParallel = 1;
				LastSwiftUpdateCheck = 1320;
				LastUpgradeCheck = 1320;
				TargetAttributes = {
					BF76953C2793062300AF4997 = {
						CreatedOnToolsVersion = 13.2.1;
					};
				};
			};
			buildConfigurationList = BF7695382793062300AF4997 /* Build configuration list for PBXProject "betterEarth" */;
			compatibilityVersion = "Xcode 13.0";
			developmentRegion = en;
			hasScannedForEncodings = 0;
			knownRegions = (
				en,
				Base,
			);
			mainGroup = BF7695342793062300AF4997;
			packageReferences = (
				BF7695522793081400AF4997 /* XCRemoteSwiftPackageReference "Alamofire" */,
				BF7695592793097700AF4997 /* XCRemoteSwiftPackageReference "SwiftyJSON" */,
			);
			productRefGroup = BF76953E2793062300AF4997 /* Products */;
			projectDirPath = "";
			projectRoot = "";
			targets = (
				BF76953C2793062300AF4997 /* betterEarth */,
			);
		};
/* End PBXProject section */

/* Begin PBXResourcesBuildPhase section */
		BF76953B2793062300AF4997 /* Resources */ = {
			isa = PBXResourcesBuildPhase;
			buildActionMask = 2147483647;
			files = (
				BF7695482793062500AF4997 /* Preview Assets.xcassets in Resources */,
				BF7695452793062500AF4997 /* Assets.xcassets in Resources */,
			);
			runOnlyForDeploymentPostprocessing = 0;
		};
/* End PBXResourcesBuildPhase section */

/* Begin PBXSourcesBuildPhase section */
		BF7695392793062300AF4997 /* Sources */ = {
			isa = PBXSourcesBuildPhase;
			buildActionMask = 2147483647;
			files = (
				BF769562279310AD00AF4997 /* Extension.swift in Sources */,
				BF7695512793077500AF4997 /* APIManager.swift in Sources */,
				BF769558279308E300AF4997 /* Environment.swift in Sources */,
				BF7695432793062300AF4997 /* ContentView.swift in Sources */,
				BF76955E27930AF000AF4997 /* UserDefaultsManager.swift in Sources */,
				BF7695562793082100AF4997 /* Reachablity.swift in Sources */,
				BF7695412793062300AF4997 /* betterEarthApp.swift in Sources */,
				BF76956027930F2C00AF4997 /* ViewModel.swift in Sources */,
				BF7695682793150C00AF4997 /* HomeModel.swift in Sources */,
				BF76954F279306F300AF4997 /* APIConstants.swift in Sources */,
				BF769571279317B100AF4997 /* Endpoints.swift in Sources */,
			);
			runOnlyForDeploymentPostprocessing = 0;
		};
/* End PBXSourcesBuildPhase section */

/* Begin XCBuildConfiguration section */
		BF7695492793062500AF4997 /* Debug */ = {
			isa = XCBuildConfiguration;
			buildSettings = {
				ALWAYS_SEARCH_USER_PATHS = NO;
				CLANG_ANALYZER_NONNULL = YES;
				CLANG_ANALYZER_NUMBER_OBJECT_CONVERSION = YES_AGGRESSIVE;
				CLANG_CXX_LANGUAGE_STANDARD = "gnu++17";
				CLANG_CXX_LIBRARY = "libc++";
				CLANG_ENABLE_MODULES = YES;
				CLANG_ENABLE_OBJC_ARC = YES;
				CLANG_ENABLE_OBJC_WEAK = YES;
				CLANG_WARN_BLOCK_CAPTURE_AUTORELEASING = YES;
				CLANG_WARN_BOOL_CONVERSION = YES;
				CLANG_WARN_COMMA = YES;
				CLANG_WARN_CONSTANT_CONVERSION = YES;
				CLANG_WARN_DEPRECATED_OBJC_IMPLEMENTATIONS = YES;
				CLANG_WARN_DIRECT_OBJC_ISA_USAGE = YES_ERROR;
				CLANG_WARN_DOCUMENTATION_COMMENTS = YES;
				CLANG_WARN_EMPTY_BODY = YES;
				CLANG_WARN_ENUM_CONVERSION = YES;
				CLANG_WARN_INFINITE_RECURSION = YES;
				CLANG_WARN_INT_CONVERSION = YES;
				CLANG_WARN_NON_LITERAL_NULL_CONVERSION = YES;
				CLANG_WARN_OBJC_IMPLICIT_RETAIN_SELF = YES;
				CLANG_WARN_OBJC_LITERAL_CONVERSION = YES;
				CLANG_WARN_OBJC_ROOT_CLASS = YES_ERROR;
				CLANG_WARN_QUOTED_INCLUDE_IN_FRAMEWORK_HEADER = YES;
				CLANG_WARN_RANGE_LOOP_ANALYSIS = YES;
				CLANG_WARN_STRICT_PROTOTYPES = YES;
				CLANG_WARN_SUSPICIOUS_MOVE = YES;
				CLANG_WARN_UNGUARDED_AVAILABILITY = YES_AGGRESSIVE;
				CLANG_WARN_UNREACHABLE_CODE = YES;
				CLANG_WARN__DUPLICATE_METHOD_MATCH = YES;
				COPY_PHASE_STRIP = NO;
				DEBUG_INFORMATION_FORMAT = dwarf;
				ENABLE_STRICT_OBJC_MSGSEND = YES;
				ENABLE_TESTABILITY = YES;
				GCC_C_LANGUAGE_STANDARD = gnu11;
				GCC_DYNAMIC_NO_PIC = NO;
				GCC_NO_COMMON_BLOCKS = YES;
				GCC_OPTIMIZATION_LEVEL = 0;
				GCC_PREPROCESSOR_DEFINITIONS = (
					"DEBUG=1",
					"$(inherited)",
				);
				GCC_WARN_64_TO_32_BIT_CONVERSION = YES;
				GCC_WARN_ABOUT_RETURN_TYPE = YES_ERROR;
				GCC_WARN_UNDECLARED_SELECTOR = YES;
				GCC_WARN_UNINITIALIZED_AUTOS = YES_AGGRESSIVE;
				GCC_WARN_UNUSED_FUNCTION = YES;
				GCC_WARN_UNUSED_VARIABLE = YES;
				IPHONEOS_DEPLOYMENT_TARGET = 15.2;
				MTL_ENABLE_DEBUG_INFO = INCLUDE_SOURCE;
				MTL_FAST_MATH = YES;
				ONLY_ACTIVE_ARCH = YES;
				SDKROOT = iphoneos;
				SWIFT_ACTIVE_COMPILATION_CONDITIONS = DEBUG;
				SWIFT_OPTIMIZATION_LEVEL = "-Onone";
			};
			name = Debug;
		};
		BF76954A2793062500AF4997 /* Release */ = {
			isa = XCBuildConfiguration;
			buildSettings = {
				ALWAYS_SEARCH_USER_PATHS = NO;
				CLANG_ANALYZER_NONNULL = YES;
				CLANG_ANALYZER_NUMBER_OBJECT_CONVERSION = YES_AGGRESSIVE;
				CLANG_CXX_LANGUAGE_STANDARD = "gnu++17";
				CLANG_CXX_LIBRARY = "libc++";
				CLANG_ENABLE_MODULES = YES;
				CLANG_ENABLE_OBJC_ARC = YES;
				CLANG_ENABLE_OBJC_WEAK = YES;
				CLANG_WARN_BLOCK_CAPTURE_AUTORELEASING = YES;
				CLANG_WARN_BOOL_CONVERSION = YES;
				CLANG_WARN_COMMA = YES;
				CLANG_WARN_CONSTANT_CONVERSION = YES;
				CLANG_WARN_DEPRECATED_OBJC_IMPLEMENTATIONS = YES;
				CLANG_WARN_DIRECT_OBJC_ISA_USAGE = YES_ERROR;
				CLANG_WARN_DOCUMENTATION_COMMENTS = YES;
				CLANG_WARN_EMPTY_BODY = YES;
				CLANG_WARN_ENUM_CONVERSION = YES;
				CLANG_WARN_INFINITE_RECURSION = YES;
				CLANG_WARN_INT_CONVERSION = YES;
				CLANG_WARN_NON_LITERAL_NULL_CONVERSION = YES;
				CLANG_WARN_OBJC_IMPLICIT_RETAIN_SELF = YES;
				CLANG_WARN_OBJC_LITERAL_CONVERSION = YES;
				CLANG_WARN_OBJC_ROOT_CLASS = YES_ERROR;
				CLANG_WARN_QUOTED_INCLUDE_IN_FRAMEWORK_HEADER = YES;
				CLANG_WARN_RANGE_LOOP_ANALYSIS = YES;
				CLANG_WARN_STRICT_PROTOTYPES = YES;
				CLANG_WARN_SUSPICIOUS_MOVE = YES;
				CLANG_WARN_UNGUARDED_AVAILABILITY = YES_AGGRESSIVE;
				CLANG_WARN_UNREACHABLE_CODE = YES;
				CLANG_WARN__DUPLICATE_METHOD_MATCH = YES;
				COPY_PHASE_STRIP = NO;
				DEBUG_INFORMATION_FORMAT = "dwarf-with-dsym";
				ENABLE_NS_ASSERTIONS = NO;
				ENABLE_STRICT_OBJC_MSGSEND = YES;
				GCC_C_LANGUAGE_STANDARD = gnu11;
				GCC_NO_COMMON_BLOCKS = YES;
				GCC_WARN_64_TO_32_BIT_CONVERSION = YES;
				GCC_WARN_ABOUT_RETURN_TYPE = YES_ERROR;
				GCC_WARN_UNDECLARED_SELECTOR = YES;
				GCC_WARN_UNINITIALIZED_AUTOS = YES_AGGRESSIVE;
				GCC_WARN_UNUSED_FUNCTION = YES;
				GCC_WARN_UNUSED_VARIABLE = YES;
				IPHONEOS_DEPLOYMENT_TARGET = 15.2;
				MTL_ENABLE_DEBUG_INFO = NO;
				MTL_FAST_MATH = YES;
				SDKROOT = iphoneos;
				SWIFT_COMPILATION_MODE = wholemodule;
				SWIFT_OPTIMIZATION_LEVEL = "-O";
				VALIDATE_PRODUCT = YES;
			};
			name = Release;
		};
		BF76954C2793062500AF4997 /* Debug */ = {
			isa = XCBuildConfiguration;
			buildSettings = {
				ASSETCATALOG_COMPILER_APPICON_NAME = AppIcon;
				ASSETCATALOG_COMPILER_GLOBAL_ACCENT_COLOR_NAME = AccentColor;
				CODE_SIGN_STYLE = Automatic;
				CURRENT_PROJECT_VERSION = 1;
				DEVELOPMENT_ASSET_PATHS = "\"betterEarth/Preview Content\"";
				ENABLE_PREVIEWS = YES;
				GENERATE_INFOPLIST_FILE = YES;
				INFOPLIST_KEY_UIApplicationSceneManifest_Generation = YES;
				INFOPLIST_KEY_UIApplicationSupportsIndirectInputEvents = YES;
				INFOPLIST_KEY_UILaunchScreen_Generation = YES;
				INFOPLIST_KEY_UISupportedInterfaceOrientations_iPad = "UIInterfaceOrientationPortrait UIInterfaceOrientationPortraitUpsideDown UIInterfaceOrientationLandscapeLeft UIInterfaceOrientationLandscapeRight";
				INFOPLIST_KEY_UISupportedInterfaceOrientations_iPhone = "UIInterfaceOrientationPortrait UIInterfaceOrientationLandscapeLeft UIInterfaceOrientationLandscapeRight";
				LD_RUNPATH_SEARCH_PATHS = (
					"$(inherited)",
					"@executable_path/Frameworks",
				);
				MARKETING_VERSION = 1.0;
				PRODUCT_BUNDLE_IDENTIFIER = com.hariom.betterEarth;
				PRODUCT_NAME = "$(TARGET_NAME)";
				SWIFT_EMIT_LOC_STRINGS = YES;
				SWIFT_VERSION = 5.0;
				TARGETED_DEVICE_FAMILY = "1,2";
			};
			name = Debug;
		};
		BF76954D2793062500AF4997 /* Release */ = {
			isa = XCBuildConfiguration;
			buildSettings = {
				ASSETCATALOG_COMPILER_APPICON_NAME = AppIcon;
				ASSETCATALOG_COMPILER_GLOBAL_ACCENT_COLOR_NAME = AccentColor;
				CODE_SIGN_STYLE = Automatic;
				CURRENT_PROJECT_VERSION = 1;
				DEVELOPMENT_ASSET_PATHS = "\"betterEarth/Preview Content\"";
				ENABLE_PREVIEWS = YES;
				GENERATE_INFOPLIST_FILE = YES;
				INFOPLIST_KEY_UIApplicationSceneManifest_Generation = YES;
				INFOPLIST_KEY_UIApplicationSupportsIndirectInputEvents = YES;
				INFOPLIST_KEY_UILaunchScreen_Generation = YES;
				INFOPLIST_KEY_UISupportedInterfaceOrientations_iPad = "UIInterfaceOrientationPortrait UIInterfaceOrientationPortraitUpsideDown UIInterfaceOrientationLandscapeLeft UIInterfaceOrientationLandscapeRight";
				INFOPLIST_KEY_UISupportedInterfaceOrientations_iPhone = "UIInterfaceOrientationPortrait UIInterfaceOrientationLandscapeLeft UIInterfaceOrientationLandscapeRight";
				LD_RUNPATH_SEARCH_PATHS = (
					"$(inherited)",
					"@executable_path/Frameworks",
				);
				MARKETING_VERSION = 1.0;
				PRODUCT_BUNDLE_IDENTIFIER = com.hariom.betterEarth;
				PRODUCT_NAME = "$(TARGET_NAME)";
				SWIFT_EMIT_LOC_STRINGS = YES;
				SWIFT_VERSION = 5.0;
				TARGETED_DEVICE_FAMILY = "1,2";
			};
			name = Release;
		};
/* End XCBuildConfiguration section */

/* Begin XCConfigurationList section */
		BF7695382793062300AF4997 /* Build configuration list for PBXProject "betterEarth" */ = {
			isa = XCConfigurationList;
			buildConfigurations = (
				BF7695492793062500AF4997 /* Debug */,
				BF76954A2793062500AF4997 /* Release */,
			);
			defaultConfigurationIsVisible = 0;
			defaultConfigurationName = Release;
		};
		BF76954B2793062500AF4997 /* Build configuration list for PBXNativeTarget "betterEarth" */ = {
			isa = XCConfigurationList;
			buildConfigurations = (
				BF76954C2793062500AF4997 /* Debug */,
				BF76954D2793062500AF4997 /* Release */,
			);
			defaultConfigurationIsVisible = 0;
			defaultConfigurationName = Release;
		};
/* End XCConfigurationList section */

/* Begin XCRemoteSwiftPackageReference section */
		BF7695522793081400AF4997 /* XCRemoteSwiftPackageReference "Alamofire" */ = {
			isa = XCRemoteSwiftPackageReference;
			repositoryURL = "https://github.com/Alamofire/Alamofire.git";
			requirement = {
				kind = upToNextMajorVersion;
				minimumVersion = 5.5.0;
			};
		};
		BF7695592793097700AF4997 /* XCRemoteSwiftPackageReference "SwiftyJSON" */ = {
			isa = XCRemoteSwiftPackageReference;
			repositoryURL = "https://github.com/SwiftyJSON/SwiftyJSON.git";
			requirement = {
				kind = upToNextMajorVersion;
				minimumVersion = 5.0.0;
			};
		};
/* End XCRemoteSwiftPackageReference section */

/* Begin XCSwiftPackageProductDependency section */
		BF7695532793081400AF4997 /* Alamofire */ = {
			isa = XCSwiftPackageProductDependency;
			package = BF7695522793081400AF4997 /* XCRemoteSwiftPackageReference "Alamofire" */;
			productName = Alamofire;
		};
		BF76955A2793097700AF4997 /* SwiftyJSON */ = {
			isa = XCSwiftPackageProductDependency;
			package = BF7695592793097700AF4997 /* XCRemoteSwiftPackageReference "SwiftyJSON" */;
			productName = SwiftyJSON;
		};
/* End XCSwiftPackageProductDependency section */
	};
	rootObject = BF7695352793062300AF4997 /* Project object */;
}
