{
  "object": {
    "pins": [
      {
        "package": "Camera-SwiftUI",
        "repositoryURL": "https://github.com/rorodriguez116/Camera-SwiftUI.git",
        "state": {
          "branch": null,
          "revision": "bec647c47f45cdfd588dd50e07571fb2642f4575",
          "version": "0.0.5"
        }
      },
      {
        "package": "SwiftUICam",
        "repositoryURL": "https://github.com/pierreveron/SwiftUICam",
        "state": {
          "branch": "master",
          "revision": "6e85adae49b26d734bf3810b6d237d2688cc976a",
          "version": null
        }
      },
      {
        "package": "SwiftyJSON",
        "repositoryURL": "https://github.com/SwiftyJSON/SwiftyJSON.git",
        "state": {
          "branch": null,
          "revision": "b3dcd7dbd0d488e1a7077cb33b00f2083e382f07",
          "version": "5.0.1"
        }
      }
    ]
  },
  "version": 1
}
